// !$*UTF8*$!
{
	archiveVersion = 1;
	classes = {
	};
	objectVersion = 56;
	objects = {

/* Begin PBXBuildFile section */
		468A57082C04B73000B2D94F /* RegistrationView.swift in Sources */ = {isa = PBXBuildFile; fileRef = 468A57072C04B73000B2D94F /* RegistrationView.swift */; };
		468A570A2C04BE2000B2D94F /* ProfileView.swift in Sources */ = {isa = PBXBuildFile; fileRef = 468A57092C04BE2000B2D94F /* ProfileView.swift */; };
		468A570C2C04C00B00B2D94F /* SettingsRowView.swift in Sources */ = {isa = PBXBuildFile; fileRef = 468A570B2C04C00B00B2D94F /* SettingsRowView.swift */; };
		468A570E2C04C1D300B2D94F /* user.swift in Sources */ = {isa = PBXBuildFile; fileRef = 468A570D2C04C1D300B2D94F /* user.swift */; };
		468A57122C04D86E00B2D94F /* GoogleService-Info.plist in Resources */ = {isa = PBXBuildFile; fileRef = 468A57112C04D86D00B2D94F /* GoogleService-Info.plist */; };
		468A57152C04D99300B2D94F /* FirebaseAuth in Frameworks */ = {isa = PBXBuildFile; productRef = 468A57142C04D99300B2D94F /* FirebaseAuth */; };
		468A57172C04D99300B2D94F /* FirebaseFirestore in Frameworks */ = {isa = PBXBuildFile; productRef = 468A57162C04D99300B2D94F /* FirebaseFirestore */; };
		468A57192C04D99300B2D94F /* FirebaseFirestoreSwift in Frameworks */ = {isa = PBXBuildFile; productRef = 468A57182C04D99300B2D94F /* FirebaseFirestoreSwift */; };
		468A571B2C04D99300B2D94F /* FirebaseStorage in Frameworks */ = {isa = PBXBuildFile; productRef = 468A571A2C04D99300B2D94F /* FirebaseStorage */; };
		468A57202C04DA2A00B2D94F /* AuthViewModel.swift in Sources */ = {isa = PBXBuildFile; fileRef = 468A571F2C04DA2A00B2D94F /* AuthViewModel.swift */; };
		46A290FC2C05310300A07342 /* mainPage.swift in Sources */ = {isa = PBXBuildFile; fileRef = 46A290FB2C05310200A07342 /* mainPage.swift */; };
		46FC89242BD97E5100B0B622 /* findInShopApp.swift in Sources */ = {isa = PBXBuildFile; fileRef = 46FC89232BD97E5100B0B622 /* findInShopApp.swift */; };
		46FC89262BD97E5100B0B622 /* ContentView.swift in Sources */ = {isa = PBXBuildFile; fileRef = 46FC89252BD97E5100B0B622 /* ContentView.swift */; };
		46FC89282BD97E5100B0B622 /* Item.swift in Sources */ = {isa = PBXBuildFile; fileRef = 46FC89272BD97E5100B0B622 /* Item.swift */; };
		46FC892A2BD97E5200B0B622 /* Assets.xcassets in Resources */ = {isa = PBXBuildFile; fileRef = 46FC89292BD97E5200B0B622 /* Assets.xcassets */; };
		46FC892D2BD97E5200B0B622 /* Preview Assets.xcassets in Resources */ = {isa = PBXBuildFile; fileRef = 46FC892C2BD97E5200B0B622 /* Preview Assets.xcassets */; };
		46FC893C2BD9803800B0B622 /* loginView.swift in Sources */ = {isa = PBXBuildFile; fileRef = 46FC893B2BD9803800B0B622 /* loginView.swift */; };
		46FC893E2BD989E500B0B622 /* inputView.swift in Sources */ = {isa = PBXBuildFile; fileRef = 46FC893D2BD989E500B0B622 /* inputView.swift */; };
/* End PBXBuildFile section */

/* Begin PBXFileReference section */
		468A57072C04B73000B2D94F /* RegistrationView.swift */ = {isa = PBXFileReference; lastKnownFileType = sourcecode.swift; path = RegistrationView.swift; sourceTree = "<group>"; };
		468A57092C04BE2000B2D94F /* ProfileView.swift */ = {isa = PBXFileReference; lastKnownFileType = sourcecode.swift; path = ProfileView.swift; sourceTree = "<group>"; };
		468A570B2C04C00B00B2D94F /* SettingsRowView.swift */ = {isa = PBXFileReference; lastKnownFileType = sourcecode.swift; path = SettingsRowView.swift; sourceTree = "<group>"; };
		468A570D2C04C1D300B2D94F /* user.swift */ = {isa = PBXFileReference; lastKnownFileType = sourcecode.swift; path = user.swift; sourceTree = "<group>"; };
		468A57112C04D86D00B2D94F /* GoogleService-Info.plist */ = {isa = PBXFileReference; fileEncoding = 4; lastKnownFileType = text.plist.xml; path = "GoogleService-Info.plist"; sourceTree = SOURCE_ROOT; };
		468A571F2C04DA2A00B2D94F /* AuthViewModel.swift */ = {isa = PBXFileReference; lastKnownFileType = sourcecode.swift; path = AuthViewModel.swift; sourceTree = "<group>"; };
		46A290FB2C05310200A07342 /* mainPage.swift */ = {isa = PBXFileReference; lastKnownFileType = sourcecode.swift; path = mainPage.swift; sourceTree = "<group>"; };
		46FC89202BD97E5100B0B622 /* findInShop.app */ = {isa = PBXFileReference; explicitFileType = wrapper.application; includeInIndex = 0; path = findInShop.app; sourceTree = BUILT_PRODUCTS_DIR; };
		46FC89232BD97E5100B0B622 /* findInShopApp.swift */ = {isa = PBXFileReference; lastKnownFileType = sourcecode.swift; path = findInShopApp.swift; sourceTree = "<group>"; };
		46FC89252BD97E5100B0B622 /* ContentView.swift */ = {isa = PBXFileReference; lastKnownFileType = sourcecode.swift; path = ContentView.swift; sourceTree = "<group>"; };
		46FC89272BD97E5100B0B622 /* Item.swift */ = {isa = PBXFileReference; lastKnownFileType = sourcecode.swift; path = Item.swift; sourceTree = "<group>"; };
		46FC89292BD97E5200B0B622 /* Assets.xcassets */ = {isa = PBXFileReference; lastKnownFileType = folder.assetcatalog; path = Assets.xcassets; sourceTree = "<group>"; };
		46FC892C2BD97E5200B0B622 /* Preview Assets.xcassets */ = {isa = PBXFileReference; lastKnownFileType = folder.assetcatalog; path = "Preview Assets.xcassets"; sourceTree = "<group>"; };
		46FC893B2BD9803800B0B622 /* loginView.swift */ = {isa = PBXFileReference; lastKnownFileType = sourcecode.swift; path = loginView.swift; sourceTree = "<group>"; };
		46FC893D2BD989E500B0B622 /* inputView.swift */ = {isa = PBXFileReference; lastKnownFileType = sourcecode.swift; path = inputView.swift; sourceTree = "<group>"; };
/* End PBXFileReference section */

/* Begin PBXFrameworksBuildPhase section */
		46FC891D2BD97E5100B0B622 /* Frameworks */ = {
			isa = PBXFrameworksBuildPhase;
			buildActionMask = 2147483647;
			files = (
				468A57152C04D99300B2D94F /* FirebaseAuth in Frameworks */,
				468A571B2C04D99300B2D94F /* FirebaseStorage in Frameworks */,
				468A57172C04D99300B2D94F /* FirebaseFirestore in Frameworks */,
				468A57192C04D99300B2D94F /* FirebaseFirestoreSwift in Frameworks */,
			);
			runOnlyForDeploymentPostprocessing = 0;
		};
/* End PBXFrameworksBuildPhase section */

/* Begin PBXGroup section */
		468A571D2C04D9F800B2D94F /* View */ = {
			isa = PBXGroup;
			children = (
				46FC893B2BD9803800B0B622 /* loginView.swift */,
				468A57072C04B73000B2D94F /* RegistrationView.swift */,
			);
			path = View;
			sourceTree = "<group>";
		};
		468A571E2C04DA0200B2D94F /* ViewModel */ = {
			isa = PBXGroup;
			children = (
				468A571F2C04DA2A00B2D94F /* AuthViewModel.swift */,
			);
			path = ViewModel;
			sourceTree = "<group>";
		};
		46FC89172BD97E5100B0B622 = {
			isa = PBXGroup;
			children = (
				46FC89222BD97E5100B0B622 /* findInShop */,
				46FC89212BD97E5100B0B622 /* Products */,
			);
			sourceTree = "<group>";
		};
		46FC89212BD97E5100B0B622 /* Products */ = {
			isa = PBXGroup;
			children = (
				46FC89202BD97E5100B0B622 /* findInShop.app */,
			);
			name = Products;
			sourceTree = "<group>";
		};
		46FC89222BD97E5100B0B622 /* findInShop */ = {
			isa = PBXGroup;
			children = (
				46FC89372BD97F3E00B0B622 /* Model */,
				46FC89362BD97F3A00B0B622 /* Core */,
				46FC89342BD97F2600B0B622 /* Components */,
				46FC89332BD97F0D00B0B622 /* App */,
				46FC89272BD97E5100B0B622 /* Item.swift */,
				46FC89292BD97E5200B0B622 /* Assets.xcassets */,
				468A57112C04D86D00B2D94F /* GoogleService-Info.plist */,
				46FC892B2BD97E5200B0B622 /* Preview Content */,
			);
			path = findInShop;
			sourceTree = "<group>";
		};
		46FC892B2BD97E5200B0B622 /* Preview Content */ = {
			isa = PBXGroup;
			children = (
				46FC892C2BD97E5200B0B622 /* Preview Assets.xcassets */,
			);
			path = "Preview Content";
			sourceTree = "<group>";
		};
		46FC89332BD97F0D00B0B622 /* App */ = {
			isa = PBXGroup;
			children = (
				46FC89232BD97E5100B0B622 /* findInShopApp.swift */,
			);
			path = App;
			sourceTree = "<group>";
		};
		46FC89342BD97F2600B0B622 /* Components */ = {
			isa = PBXGroup;
			children = (
				46A290FB2C05310200A07342 /* mainPage.swift */,
				46FC893D2BD989E500B0B622 /* inputView.swift */,
				468A570B2C04C00B00B2D94F /* SettingsRowView.swift */,
			);
			path = Components;
			sourceTree = "<group>";
		};
		46FC89362BD97F3A00B0B622 /* Core */ = {
			isa = PBXGroup;
			children = (
				46FC893A2BD97F7100B0B622 /* Profile */,
				46FC89392BD97F6500B0B622 /* Authentication */,
				46FC89382BD97F5500B0B622 /* Root */,
			);
			path = Core;
			sourceTree = "<group>";
		};
		46FC89372BD97F3E00B0B622 /* Model */ = {
			isa = PBXGroup;
			children = (
				468A570D2C04C1D300B2D94F /* user.swift */,
			);
			path = Model;
			sourceTree = "<group>";
		};
		46FC89382BD97F5500B0B622 /* Root */ = {
			isa = PBXGroup;
			children = (
				46FC89252BD97E5100B0B622 /* ContentView.swift */,
			);
			path = Root;
			sourceTree = "<group>";
		};
		46FC89392BD97F6500B0B622 /* Authentication */ = {
			isa = PBXGroup;
			children = (
				468A571E2C04DA0200B2D94F /* ViewModel */,
				468A571D2C04D9F800B2D94F /* View */,
			);
			path = Authentication;
			sourceTree = "<group>";
		};
		46FC893A2BD97F7100B0B622 /* Profile */ = {
			isa = PBXGroup;
			children = (
				468A57092C04BE2000B2D94F /* ProfileView.swift */,
			);
			path = Profile;
			sourceTree = "<group>";
		};
/* End PBXGroup section */

/* Begin PBXNativeTarget section */
		46FC891F2BD97E5100B0B622 /* findInShop */ = {
			isa = PBXNativeTarget;
			buildConfigurationList = 46FC89302BD97E5200B0B622 /* Build configuration list for PBXNativeTarget "findInShop" */;
			buildPhases = (
				46FC891C2BD97E5100B0B622 /* Sources */,
				46FC891D2BD97E5100B0B622 /* Frameworks */,
				46FC891E2BD97E5100B0B622 /* Resources */,
			);
			buildRules = (
			);
			dependencies = (
			);
			name = findInShop;
			packageProductDependencies = (
				468A57142C04D99300B2D94F /* FirebaseAuth */,
				468A57162C04D99300B2D94F /* FirebaseFirestore */,
				468A57182C04D99300B2D94F /* FirebaseFirestoreSwift */,
				468A571A2C04D99300B2D94F /* FirebaseStorage */,
			);
			productName = findInShop;
			productReference = 46FC89202BD97E5100B0B622 /* findInShop.app */;
			productType = "com.apple.product-type.application";
		};
/* End PBXNativeTarget section */

/* Begin PBXProject section */
		46FC89182BD97E5100B0B622 /* Project object */ = {
			isa = PBXProject;
			attributes = {
				BuildIndependentTargetsInParallel = 1;
				LastSwiftUpdateCheck = 1530;
				LastUpgradeCheck = 1530;
				TargetAttributes = {
					46FC891F2BD97E5100B0B622 = {
						CreatedOnToolsVersion = 15.3;
					};
				};
			};
			buildConfigurationList = 46FC891B2BD97E5100B0B622 /* Build configuration list for PBXProject "findInShop" */;
			compatibilityVersion = "Xcode 14.0";
			developmentRegion = en;
			hasScannedForEncodings = 0;
			knownRegions = (
				en,
				Base,
			);
			mainGroup = 46FC89172BD97E5100B0B622;
			packageReferences = (
				468A57132C04D99300B2D94F /* XCRemoteSwiftPackageReference "firebase-ios-sdk" */,
			);
			productRefGroup = 46FC89212BD97E5100B0B622 /* Products */;
			projectDirPath = "";
			projectRoot = "";
			targets = (
				46FC891F2BD97E5100B0B622 /* findInShop */,
			);
		};
/* End PBXProject section */

/* Begin PBXResourcesBuildPhase section */
		46FC891E2BD97E5100B0B622 /* Resources */ = {
			isa = PBXResourcesBuildPhase;
			buildActionMask = 2147483647;
			files = (
				46FC892D2BD97E5200B0B622 /* Preview Assets.xcassets in Resources */,
				46FC892A2BD97E5200B0B622 /* Assets.xcassets in Resources */,
				468A57122C04D86E00B2D94F /* GoogleService-Info.plist in Resources */,
			);
			runOnlyForDeploymentPostprocessing = 0;
		};
/* End PBXResourcesBuildPhase section */

/* Begin PBXSourcesBuildPhase section */
		46FC891C2BD97E5100B0B622 /* Sources */ = {
			isa = PBXSourcesBuildPhase;
			buildActionMask = 2147483647;
			files = (
				468A57202C04DA2A00B2D94F /* AuthViewModel.swift in Sources */,
				46FC893E2BD989E500B0B622 /* inputView.swift in Sources */,
				46FC89262BD97E5100B0B622 /* ContentView.swift in Sources */,
				46FC89282BD97E5100B0B622 /* Item.swift in Sources */,
				468A57082C04B73000B2D94F /* RegistrationView.swift in Sources */,
				46A290FC2C05310300A07342 /* mainPage.swift in Sources */,
				468A570C2C04C00B00B2D94F /* SettingsRowView.swift in Sources */,
				468A570E2C04C1D300B2D94F /* user.swift in Sources */,
				46FC893C2BD9803800B0B622 /* loginView.swift in Sources */,
				468A570A2C04BE2000B2D94F /* ProfileView.swift in Sources */,
				46FC89242BD97E5100B0B622 /* findInShopApp.swift in Sources */,
			);
			runOnlyForDeploymentPostprocessing = 0;
		};
/* End PBXSourcesBuildPhase section */

/* Begin XCBuildConfiguration section */
		46FC892E2BD97E5200B0B622 /* Debug */ = {
			isa = XCBuildConfiguration;
			buildSettings = {
				ALWAYS_SEARCH_USER_PATHS = NO;
				ASSETCATALOG_COMPILER_GENERATE_SWIFT_ASSET_SYMBOL_EXTENSIONS = YES;
				CLANG_ANALYZER_NONNULL = YES;
				CLANG_ANALYZER_NUMBER_OBJECT_CONVERSION = YES_AGGRESSIVE;
				CLANG_CXX_LANGUAGE_STANDARD = "gnu++20";
				CLANG_ENABLE_MODULES = YES;
				CLANG_ENABLE_OBJC_ARC = YES;
				CLANG_ENABLE_OBJC_WEAK = YES;
				CLANG_WARN_BLOCK_CAPTURE_AUTORELEASING = YES;
				CLANG_WARN_BOOL_CONVERSION = YES;
				CLANG_WARN_COMMA = YES;
				CLANG_WARN_CONSTANT_CONVERSION = YES;
				CLANG_WARN_DEPRECATED_OBJC_IMPLEMENTATIONS = YES;
				CLANG_WARN_DIRECT_OBJC_ISA_USAGE = YES_ERROR;
				CLANG_WARN_DOCUMENTATION_COMMENTS = YES;
				CLANG_WARN_EMPTY_BODY = YES;
				CLANG_WARN_ENUM_CONVERSION = YES;
				CLANG_WARN_INFINITE_RECURSION = YES;
				CLANG_WARN_INT_CONVERSION = YES;
				CLANG_WARN_NON_LITERAL_NULL_CONVERSION = YES;
				CLANG_WARN_OBJC_IMPLICIT_RETAIN_SELF = YES;
				CLANG_WARN_OBJC_LITERAL_CONVERSION = YES;
				CLANG_WARN_OBJC_ROOT_CLASS = YES_ERROR;
				CLANG_WARN_QUOTED_INCLUDE_IN_FRAMEWORK_HEADER = YES;
				CLANG_WARN_RANGE_LOOP_ANALYSIS = YES;
				CLANG_WARN_STRICT_PROTOTYPES = YES;
				CLANG_WARN_SUSPICIOUS_MOVE = YES;
				CLANG_WARN_UNGUARDED_AVAILABILITY = YES_AGGRESSIVE;
				CLANG_WARN_UNREACHABLE_CODE = YES;
				CLANG_WARN__DUPLICATE_METHOD_MATCH = YES;
				COPY_PHASE_STRIP = NO;
				DEBUG_INFORMATION_FORMAT = dwarf;
				ENABLE_STRICT_OBJC_MSGSEND = YES;
				ENABLE_TESTABILITY = YES;
				ENABLE_USER_SCRIPT_SANDBOXING = YES;
				GCC_C_LANGUAGE_STANDARD = gnu17;
				GCC_DYNAMIC_NO_PIC = NO;
				GCC_NO_COMMON_BLOCKS = YES;
				GCC_OPTIMIZATION_LEVEL = 0;
				GCC_PREPROCESSOR_DEFINITIONS = (
					"DEBUG=1",
					"$(inherited)",
				);
				GCC_WARN_64_TO_32_BIT_CONVERSION = YES;
				GCC_WARN_ABOUT_RETURN_TYPE = YES_ERROR;
				GCC_WARN_UNDECLARED_SELECTOR = YES;
				GCC_WARN_UNINITIALIZED_AUTOS = YES_AGGRESSIVE;
				GCC_WARN_UNUSED_FUNCTION = YES;
				GCC_WARN_UNUSED_VARIABLE = YES;
				IPHONEOS_DEPLOYMENT_TARGET = 17.4;
				LOCALIZATION_PREFERS_STRING_CATALOGS = YES;
				MTL_ENABLE_DEBUG_INFO = INCLUDE_SOURCE;
				MTL_FAST_MATH = YES;
				ONLY_ACTIVE_ARCH = YES;
				SDKROOT = iphoneos;
				SWIFT_ACTIVE_COMPILATION_CONDITIONS = "DEBUG $(inherited)";
				SWIFT_OPTIMIZATION_LEVEL = "-Onone";
			};
			name = Debug;
		};
		46FC892F2BD97E5200B0B622 /* Release */ = {
			isa = XCBuildConfiguration;
			buildSettings = {
				ALWAYS_SEARCH_USER_PATHS = NO;
				ASSETCATALOG_COMPILER_GENERATE_SWIFT_ASSET_SYMBOL_EXTENSIONS = YES;
				CLANG_ANALYZER_NONNULL = YES;
				CLANG_ANALYZER_NUMBER_OBJECT_CONVERSION = YES_AGGRESSIVE;
				CLANG_CXX_LANGUAGE_STANDARD = "gnu++20";
				CLANG_ENABLE_MODULES = YES;
				CLANG_ENABLE_OBJC_ARC = YES;
				CLANG_ENABLE_OBJC_WEAK = YES;
				CLANG_WARN_BLOCK_CAPTURE_AUTORELEASING = YES;
				CLANG_WARN_BOOL_CONVERSION = YES;
				CLANG_WARN_COMMA = YES;
				CLANG_WARN_CONSTANT_CONVERSION = YES;
				CLANG_WARN_DEPRECATED_OBJC_IMPLEMENTATIONS = YES;
				CLANG_WARN_DIRECT_OBJC_ISA_USAGE = YES_ERROR;
				CLANG_WARN_DOCUMENTATION_COMMENTS = YES;
				CLANG_WARN_EMPTY_BODY = YES;
				CLANG_WARN_ENUM_CONVERSION = YES;
				CLANG_WARN_INFINITE_RECURSION = YES;
				CLANG_WARN_INT_CONVERSION = YES;
				CLANG_WARN_NON_LITERAL_NULL_CONVERSION = YES;
				CLANG_WARN_OBJC_IMPLICIT_RETAIN_SELF = YES;
				CLANG_WARN_OBJC_LITERAL_CONVERSION = YES;
				CLANG_WARN_OBJC_ROOT_CLASS = YES_ERROR;
				CLANG_WARN_QUOTED_INCLUDE_IN_FRAMEWORK_HEADER = YES;
				CLANG_WARN_RANGE_LOOP_ANALYSIS = YES;
				CLANG_WARN_STRICT_PROTOTYPES = YES;
				CLANG_WARN_SUSPICIOUS_MOVE = YES;
				CLANG_WARN_UNGUARDED_AVAILABILITY = YES_AGGRESSIVE;
				CLANG_WARN_UNREACHABLE_CODE = YES;
				CLANG_WARN__DUPLICATE_METHOD_MATCH = YES;
				COPY_PHASE_STRIP = NO;
				DEBUG_INFORMATION_FORMAT = "dwarf-with-dsym";
				ENABLE_NS_ASSERTIONS = NO;
				ENABLE_STRICT_OBJC_MSGSEND = YES;
				ENABLE_USER_SCRIPT_SANDBOXING = YES;
				GCC_C_LANGUAGE_STANDARD = gnu17;
				GCC_NO_COMMON_BLOCKS = YES;
				GCC_WARN_64_TO_32_BIT_CONVERSION = YES;
				GCC_WARN_ABOUT_RETURN_TYPE = YES_ERROR;
				GCC_WARN_UNDECLARED_SELECTOR = YES;
				GCC_WARN_UNINITIALIZED_AUTOS = YES_AGGRESSIVE;
				GCC_WARN_UNUSED_FUNCTION = YES;
				GCC_WARN_UNUSED_VARIABLE = YES;
				IPHONEOS_DEPLOYMENT_TARGET = 17.4;
				LOCALIZATION_PREFERS_STRING_CATALOGS = YES;
				MTL_ENABLE_DEBUG_INFO = NO;
				MTL_FAST_MATH = YES;
				SDKROOT = iphoneos;
				SWIFT_COMPILATION_MODE = wholemodule;
				VALIDATE_PRODUCT = YES;
			};
			name = Release;
		};
		46FC89312BD97E5200B0B622 /* Debug */ = {
			isa = XCBuildConfiguration;
			buildSettings = {
				ASSETCATALOG_COMPILER_APPICON_NAME = AppIcon;
				ASSETCATALOG_COMPILER_GLOBAL_ACCENT_COLOR_NAME = AccentColor;
				CODE_SIGN_STYLE = Automatic;
				CURRENT_PROJECT_VERSION = 1;
				DEVELOPMENT_ASSET_PATHS = "\"findInShop/Preview Content\"";
				ENABLE_PREVIEWS = YES;
				GENERATE_INFOPLIST_FILE = YES;
				INFOPLIST_KEY_UIApplicationSceneManifest_Generation = YES;
				INFOPLIST_KEY_UIApplicationSupportsIndirectInputEvents = YES;
				INFOPLIST_KEY_UILaunchScreen_Generation = YES;
				INFOPLIST_KEY_UISupportedInterfaceOrientations_iPad = "UIInterfaceOrientationPortrait UIInterfaceOrientationPortraitUpsideDown UIInterfaceOrientationLandscapeLeft UIInterfaceOrientationLandscapeRight";
				INFOPLIST_KEY_UISupportedInterfaceOrientations_iPhone = "UIInterfaceOrientationPortrait UIInterfaceOrientationLandscapeLeft UIInterfaceOrientationLandscapeRight";
				LD_RUNPATH_SEARCH_PATHS = (
					"$(inherited)",
					"@executable_path/Frameworks",
				);
				MARKETING_VERSION = 1.0;
				PRODUCT_BUNDLE_IDENTIFIER = cinarSoftware.findInShop;
				PRODUCT_NAME = "$(TARGET_NAME)";
				SWIFT_EMIT_LOC_STRINGS = YES;
				SWIFT_VERSION = 5.0;
				TARGETED_DEVICE_FAMILY = "1,2";
			};
			name = Debug;
		};
		46FC89322BD97E5200B0B622 /* Release */ = {
			isa = XCBuildConfiguration;
			buildSettings = {
				ASSETCATALOG_COMPILER_APPICON_NAME = AppIcon;
				ASSETCATALOG_COMPILER_GLOBAL_ACCENT_COLOR_NAME = AccentColor;
				CODE_SIGN_STYLE = Automatic;
				CURRENT_PROJECT_VERSION = 1;
				DEVELOPMENT_ASSET_PATHS = "\"findInShop/Preview Content\"";
				ENABLE_PREVIEWS = YES;
				GENERATE_INFOPLIST_FILE = YES;
				INFOPLIST_KEY_UIApplicationSceneManifest_Generation = YES;
				INFOPLIST_KEY_UIApplicationSupportsIndirectInputEvents = YES;
				INFOPLIST_KEY_UILaunchScreen_Generation = YES;
				INFOPLIST_KEY_UISupportedInterfaceOrientations_iPad = "UIInterfaceOrientationPortrait UIInterfaceOrientationPortraitUpsideDown UIInterfaceOrientationLandscapeLeft UIInterfaceOrientationLandscapeRight";
				INFOPLIST_KEY_UISupportedInterfaceOrientations_iPhone = "UIInterfaceOrientationPortrait UIInterfaceOrientationLandscapeLeft UIInterfaceOrientationLandscapeRight";
				LD_RUNPATH_SEARCH_PATHS = (
					"$(inherited)",
					"@executable_path/Frameworks",
				);
				MARKETING_VERSION = 1.0;
				PRODUCT_BUNDLE_IDENTIFIER = cinarSoftware.findInShop;
				PRODUCT_NAME = "$(TARGET_NAME)";
				SWIFT_EMIT_LOC_STRINGS = YES;
				SWIFT_VERSION = 5.0;
				TARGETED_DEVICE_FAMILY = "1,2";
			};
			name = Release;
		};
/* End XCBuildConfiguration section */

/* Begin XCConfigurationList section */
		46FC891B2BD97E5100B0B622 /* Build configuration list for PBXProject "findInShop" */ = {
			isa = XCConfigurationList;
			buildConfigurations = (
				46FC892E2BD97E5200B0B622 /* Debug */,
				46FC892F2BD97E5200B0B622 /* Release */,
			);
			defaultConfigurationIsVisible = 0;
			defaultConfigurationName = Release;
		};
		46FC89302BD97E5200B0B622 /* Build configuration list for PBXNativeTarget "findInShop" */ = {
			isa = XCConfigurationList;
			buildConfigurations = (
				46FC89312BD97E5200B0B622 /* Debug */,
				46FC89322BD97E5200B0B622 /* Release */,
			);
			defaultConfigurationIsVisible = 0;
			defaultConfigurationName = Release;
		};
/* End XCConfigurationList section */

/* Begin XCRemoteSwiftPackageReference section */
		468A57132C04D99300B2D94F /* XCRemoteSwiftPackageReference "firebase-ios-sdk" */ = {
			isa = XCRemoteSwiftPackageReference;
			repositoryURL = "https://github.com/firebase/firebase-ios-sdk";
			requirement = {
				kind = upToNextMajorVersion;
				minimumVersion = 10.26.0;
			};
		};
/* End XCRemoteSwiftPackageReference section */

/* Begin XCSwiftPackageProductDependency section */
		468A57142C04D99300B2D94F /* FirebaseAuth */ = {
			isa = XCSwiftPackageProductDependency;
			package = 468A57132C04D99300B2D94F /* XCRemoteSwiftPackageReference "firebase-ios-sdk" */;
			productName = FirebaseAuth;
		};
		468A57162C04D99300B2D94F /* FirebaseFirestore */ = {
			isa = XCSwiftPackageProductDependency;
			package = 468A57132C04D99300B2D94F /* XCRemoteSwiftPackageReference "firebase-ios-sdk" */;
			productName = FirebaseFirestore;
		};
		468A57182C04D99300B2D94F /* FirebaseFirestoreSwift */ = {
			isa = XCSwiftPackageProductDependency;
			package = 468A57132C04D99300B2D94F /* XCRemoteSwiftPackageReference "firebase-ios-sdk" */;
			productName = FirebaseFirestoreSwift;
		};
		468A571A2C04D99300B2D94F /* FirebaseStorage */ = {
			isa = XCSwiftPackageProductDependency;
			package = 468A57132C04D99300B2D94F /* XCRemoteSwiftPackageReference "firebase-ios-sdk" */;
			productName = FirebaseStorage;
		};
/* End XCSwiftPackageProductDependency section */
	};
	rootObject = 46FC89182BD97E5100B0B622 /* Project object */;
}
